// !$*UTF8*$!
{
	archiveVersion = 1;
	classes = {
	};
	objectVersion = 46;
	objects = {

/* Begin PBXBuildFile section */
		DF22D86A1E8AFE4100D9E823 /* AppDelegate.swift in Sources */ = {isa = PBXBuildFile; fileRef = DF22D8691E8AFE4100D9E823 /* AppDelegate.swift */; };
		DF22D86C1E8AFE4100D9E823 /* ViewController.swift in Sources */ = {isa = PBXBuildFile; fileRef = DF22D86B1E8AFE4100D9E823 /* ViewController.swift */; };
		DF22D86F1E8AFE4100D9E823 /* Main.storyboard in Resources */ = {isa = PBXBuildFile; fileRef = DF22D86D1E8AFE4100D9E823 /* Main.storyboard */; };
		DF22D8711E8AFE4100D9E823 /* Assets.xcassets in Resources */ = {isa = PBXBuildFile; fileRef = DF22D8701E8AFE4100D9E823 /* Assets.xcassets */; };
		DF22D8741E8AFE4100D9E823 /* LaunchScreen.storyboard in Resources */ = {isa = PBXBuildFile; fileRef = DF22D8721E8AFE4100D9E823 /* LaunchScreen.storyboard */; };
/* End PBXBuildFile section */

/* Begin PBXFileReference section */
		DF22D8661E8AFE4100D9E823 /* FirebaseWithLoveJacin.app */ = {isa = PBXFileReference; explicitFileType = wrapper.application; includeInIndex = 0; path = FirebaseWithLoveJacin.app; sourceTree = BUILT_PRODUCTS_DIR; };
		DF22D8691E8AFE4100D9E823 /* AppDelegate.swift */ = {isa = PBXFileReference; lastKnownFileType = sourcecode.swift; path = AppDelegate.swift; sourceTree = "<group>"; };
		DF22D86B1E8AFE4100D9E823 /* ViewController.swift */ = {isa = PBXFileReference; lastKnownFileType = sourcecode.swift; path = ViewController.swift; sourceTree = "<group>"; };
		DF22D86E1E8AFE4100D9E823 /* Base */ = {isa = PBXFileReference; lastKnownFileType = file.storyboard; name = Base; path = Base.lproj/Main.storyboard; sourceTree = "<group>"; };
		DF22D8701E8AFE4100D9E823 /* Assets.xcassets */ = {isa = PBXFileReference; lastKnownFileType = folder.assetcatalog; path = Assets.xcassets; sourceTree = "<group>"; };
		DF22D8731E8AFE4100D9E823 /* Base */ = {isa = PBXFileReference; lastKnownFileType = file.storyboard; name = Base; path = Base.lproj/LaunchScreen.storyboard; sourceTree = "<group>"; };
		DF22D8751E8AFE4100D9E823 /* Info.plist */ = {isa = PBXFileReference; lastKnownFileType = text.plist.xml; path = Info.plist; sourceTree = "<group>"; };
/* End PBXFileReference section */

/* Begin PBXFrameworksBuildPhase section */
		DF22D8631E8AFE4100D9E823 /* Frameworks */ = {
			isa = PBXFrameworksBuildPhase;
			buildActionMask = 2147483647;
			files = (
			);
			runOnlyForDeploymentPostprocessing = 0;
		};
/* End PBXFrameworksBuildPhase section */

/* Begin PBXGroup section */
		DF22D85D1E8AFE4100D9E823 = {
			isa = PBXGroup;
			children = (
				DF22D8681E8AFE4100D9E823 /* FirebaseWithLoveJacin */,
				DF22D8671E8AFE4100D9E823 /* Products */,
			);
			sourceTree = "<group>";
		};
		DF22D8671E8AFE4100D9E823 /* Products */ = {
			isa = PBXGroup;
			children = (
				DF22D8661E8AFE4100D9E823 /* FirebaseWithLoveJacin.app */,
			);
			name = Products;
			sourceTree = "<group>";
		};
		DF22D8681E8AFE4100D9E823 /* FirebaseWithLoveJacin */ = {
			isa = PBXGroup;
			children = (
				DF22D8691E8AFE4100D9E823 /* AppDelegate.swift */,
				DF22D86B1E8AFE4100D9E823 /* ViewController.swift */,
				DF22D86D1E8AFE4100D9E823 /* Main.storyboard */,
				DF22D8701E8AFE4100D9E823 /* Assets.xcassets */,
				DF22D8721E8AFE4100D9E823 /* LaunchScreen.storyboard */,
				DF22D8751E8AFE4100D9E823 /* Info.plist */,
			);
			path = FirebaseWithLoveJacin;
			sourceTree = "<group>";
		};
/* End PBXGroup section */

/* Begin PBXNativeTarget section */
		DF22D8651E8AFE4100D9E823 /* FirebaseWithLoveJacin */ = {
			isa = PBXNativeTarget;
			buildConfigurationList = DF22D8781E8AFE4100D9E823 /* Build configuration list for PBXNativeTarget "FirebaseWithLoveJacin" */;
			buildPhases = (
				DF22D8621E8AFE4100D9E823 /* Sources */,
				DF22D8631E8AFE4100D9E823 /* Frameworks */,
				DF22D8641E8AFE4100D9E823 /* Resources */,
			);
			buildRules = (
			);
			dependencies = (
			);
			name = FirebaseWithLoveJacin;
			productName = FirebaseWithLoveJacin;
			productReference = DF22D8661E8AFE4100D9E823 /* FirebaseWithLoveJacin.app */;
			productType = "com.apple.product-type.application";
		};
/* End PBXNativeTarget section */

/* Begin PBXProject section */
		DF22D85E1E8AFE4100D9E823 /* Project object */ = {
			isa = PBXProject;
			attributes = {
				LastSwiftUpdateCheck = 0830;
				LastUpgradeCheck = 0830;
				ORGANIZATIONNAME = "Jose Sanchez Rodriguez";
				TargetAttributes = {
					DF22D8651E8AFE4100D9E823 = {
						CreatedOnToolsVersion = 8.3;
						ProvisioningStyle = Automatic;
					};
				};
			};
			buildConfigurationList = DF22D8611E8AFE4100D9E823 /* Build configuration list for PBXProject "FirebaseWithLoveJacin" */;
			compatibilityVersion = "Xcode 3.2";
			developmentRegion = English;
			hasScannedForEncodings = 0;
			knownRegions = (
				en,
				Base,
			);
			mainGroup = DF22D85D1E8AFE4100D9E823;
			productRefGroup = DF22D8671E8AFE4100D9E823 /* Products */;
			projectDirPath = "";
			projectRoot = "";
			targets = (
				DF22D8651E8AFE4100D9E823 /* FirebaseWithLoveJacin */,
			);
		};
/* End PBXProject section */

/* Begin PBXResourcesBuildPhase section */
		DF22D8641E8AFE4100D9E823 /* Resources */ = {
			isa = PBXResourcesBuildPhase;
			buildActionMask = 2147483647;
			files = (
				DF22D8741E8AFE4100D9E823 /* LaunchScreen.storyboard in Resources */,
				DF22D8711E8AFE4100D9E823 /* Assets.xcassets in Resources */,
				DF22D86F1E8AFE4100D9E823 /* Main.storyboard in Resources */,
			);
			runOnlyForDeploymentPostprocessing = 0;
		};
/* End PBXResourcesBuildPhase section */

/* Begin PBXSourcesBuildPhase section */
		DF22D8621E8AFE4100D9E823 /* Sources */ = {
			isa = PBXSourcesBuildPhase;
			buildActionMask = 2147483647;
			files = (
				DF22D86C1E8AFE4100D9E823 /* ViewController.swift in Sources */,
				DF22D86A1E8AFE4100D9E823 /* AppDelegate.swift in Sources */,
			);
			runOnlyForDeploymentPostprocessing = 0;
		};
/* End PBXSourcesBuildPhase section */

/* Begin PBXVariantGroup section */
		DF22D86D1E8AFE4100D9E823 /* Main.storyboard */ = {
			isa = PBXVariantGroup;
			children = (
				DF22D86E1E8AFE4100D9E823 /* Base */,
			);
			name = Main.storyboard;
			sourceTree = "<group>";
		};
		DF22D8721E8AFE4100D9E823 /* LaunchScreen.storyboard */ = {
			isa = PBXVariantGroup;
			children = (
				DF22D8731E8AFE4100D9E823 /* Base */,
			);
			name = LaunchScreen.storyboard;
			sourceTree = "<group>";
		};
/* End PBXVariantGroup section */

/* Begin XCBuildConfiguration section */
		DF22D8761E8AFE4100D9E823 /* Debug */ = {
			isa = XCBuildConfiguration;
			buildSettings = {
				ALWAYS_SEARCH_USER_PATHS = NO;
				CLANG_ANALYZER_NONNULL = YES;
				CLANG_ANALYZER_NUMBER_OBJECT_CONVERSION = YES_AGGRESSIVE;
				CLANG_CXX_LANGUAGE_STANDARD = "gnu++0x";
				CLANG_CXX_LIBRARY = "libc++";
				CLANG_ENABLE_MODULES = YES;
				CLANG_ENABLE_OBJC_ARC = YES;
				CLANG_WARN_BOOL_CONVERSION = YES;
				CLANG_WARN_CONSTANT_CONVERSION = YES;
				CLANG_WARN_DIRECT_OBJC_ISA_USAGE = YES_ERROR;
				CLANG_WARN_DOCUMENTATION_COMMENTS = YES;
				CLANG_WARN_EMPTY_BODY = YES;
				CLANG_WARN_ENUM_CONVERSION = YES;
				CLANG_WARN_INFINITE_RECURSION = YES;
				CLANG_WARN_INT_CONVERSION = YES;
				CLANG_WARN_OBJC_ROOT_CLASS = YES_ERROR;
				CLANG_WARN_SUSPICIOUS_MOVE = YES;
				CLANG_WARN_UNREACHABLE_CODE = YES;
				CLANG_WARN__DUPLICATE_METHOD_MATCH = YES;
				"CODE_SIGN_IDENTITY[sdk=iphoneos*]" = "iPhone Developer";
				COPY_PHASE_STRIP = NO;
				DEBUG_INFORMATION_FORMAT = dwarf;
				ENABLE_STRICT_OBJC_MSGSEND = YES;
				ENABLE_TESTABILITY = YES;
				GCC_C_LANGUAGE_STANDARD = gnu99;
				GCC_DYNAMIC_NO_PIC = NO;
				GCC_NO_COMMON_BLOCKS = YES;
				GCC_OPTIMIZATION_LEVEL = 0;
				GCC_PREPROCESSOR_DEFINITIONS = (
					"DEBUG=1",
					"$(inherited)",
				);
				GCC_WARN_64_TO_32_BIT_CONVERSION = YES;
				GCC_WARN_ABOUT_RETURN_TYPE = YES_ERROR;
				GCC_WARN_UNDECLARED_SELECTOR = YES;
				GCC_WARN_UNINITIALIZED_AUTOS = YES_AGGRESSIVE;
				GCC_WARN_UNUSED_FUNCTION = YES;
				GCC_WARN_UNUSED_VARIABLE = YES;
				IPHONEOS_DEPLOYMENT_TARGET = 10.3;
				MTL_ENABLE_DEBUG_INFO = YES;
				ONLY_ACTIVE_ARCH = YES;
				SDKROOT = iphoneos;
				SWIFT_ACTIVE_COMPILATION_CONDITIONS = DEBUG;
				SWIFT_OPTIMIZATION_LEVEL = "-Onone";
				TARGETED_DEVICE_FAMILY = "1,2";
			};
			name = Debug;
		};
		DF22D8771E8AFE4100D9E823 /* Release */ = {
			isa = XCBuildConfiguration;
			buildSettings = {
				ALWAYS_SEARCH_USER_PATHS = NO;
				CLANG_ANALYZER_NONNULL = YES;
				CLANG_ANALYZER_NUMBER_OBJECT_CONVERSION = YES_AGGRESSIVE;
				CLANG_CXX_LANGUAGE_STANDARD = "gnu++0x";
				CLANG_CXX_LIBRARY = "libc++";
				CLANG_ENABLE_MODULES = YES;
				CLANG_ENABLE_OBJC_ARC = YES;
				CLANG_WARN_BOOL_CONVERSION = YES;
				CLANG_WARN_CONSTANT_CONVERSION = YES;
				CLANG_WARN_DIRECT_OBJC_ISA_USAGE = YES_ERROR;
				CLANG_WARN_DOCUMENTATION_COMMENTS = YES;
				CLANG_WARN_EMPTY_BODY = YES;
				CLANG_WARN_ENUM_CONVERSION = YES;
				CLANG_WARN_INFINITE_RECURSION = YES;
				CLANG_WARN_INT_CONVERSION = YES;
				CLANG_WARN_OBJC_ROOT_CLASS = YES_ERROR;
				CLANG_WARN_SUSPICIOUS_MOVE = YES;
				CLANG_WARN_UNREACHABLE_CODE = YES;
				CLANG_WARN__DUPLICATE_METHOD_MATCH = YES;
				"CODE_SIGN_IDENTITY[sdk=iphoneos*]" = "iPhone Developer";
				COPY_PHASE_STRIP = NO;
				DEBUG_INFORMATION_FORMAT = "dwarf-with-dsym";
				ENABLE_NS_ASSERTIONS = NO;
				ENABLE_STRICT_OBJC_MSGSEND = YES;
				GCC_C_LANGUAGE_STANDARD = gnu99;
				GCC_NO_COMMON_BLOCKS = YES;
				GCC_WARN_64_TO_32_BIT_CONVERSION = YES;
				GCC_WARN_ABOUT_RETURN_TYPE = YES_ERROR;
				GCC_WARN_UNDECLARED_SELECTOR = YES;
				GCC_WARN_UNINITIALIZED_AUTOS = YES_AGGRESSIVE;
				GCC_WARN_UNUSED_FUNCTION = YES;
				GCC_WARN_UNUSED_VARIABLE = YES;
				IPHONEOS_DEPLOYMENT_TARGET = 10.3;
				MTL_ENABLE_DEBUG_INFO = NO;
				SDKROOT = iphoneos;
				SWIFT_OPTIMIZATION_LEVEL = "-Owholemodule";
				TARGETED_DEVICE_FAMILY = "1,2";
				VALIDATE_PRODUCT = YES;
			};
			name = Release;
		};
		DF22D8791E8AFE4100D9E823 /* Debug */ = {
			isa = XCBuildConfiguration;
			buildSettings = {
				ASSETCATALOG_COMPILER_APPICON_NAME = AppIcon;
				INFOPLIST_FILE = FirebaseWithLoveJacin/Info.plist;
				LD_RUNPATH_SEARCH_PATHS = "$(inherited) @executable_path/Frameworks";
				PRODUCT_BUNDLE_IDENTIFIER = JoseJacin.FirebaseWithLoveJacin;
				PRODUCT_NAME = "$(TARGET_NAME)";
				SWIFT_VERSION = 3.0;
			};
			name = Debug;
		};
		DF22D87A1E8AFE4100D9E823 /* Release */ = {
			isa = XCBuildConfiguration;
			buildSettings = {
				ASSETCATALOG_COMPILER_APPICON_NAME = AppIcon;
				INFOPLIST_FILE = FirebaseWithLoveJacin/Info.plist;
				LD_RUNPATH_SEARCH_PATHS = "$(inherited) @executable_path/Frameworks";
				PRODUCT_BUNDLE_IDENTIFIER = JoseJacin.FirebaseWithLoveJacin;
				PRODUCT_NAME = "$(TARGET_NAME)";
				SWIFT_VERSION = 3.0;
			};
			name = Release;
		};
/* End XCBuildConfiguration section */

/* Begin XCConfigurationList section */
		DF22D8611E8AFE4100D9E823 /* Build configuration list for PBXProject "FirebaseWithLoveJacin" */ = {
			isa = XCConfigurationList;
			buildConfigurations = (
				DF22D8761E8AFE4100D9E823 /* Debug */,
				DF22D8771E8AFE4100D9E823 /* Release */,
			);
			defaultConfigurationIsVisible = 0;
			defaultConfigurationName = Release;
		};
		DF22D8781E8AFE4100D9E823 /* Build configuration list for PBXNativeTarget "FirebaseWithLoveJacin" */ = {
			isa = XCConfigurationList;
			buildConfigurations = (
				DF22D8791E8AFE4100D9E823 /* Debug */,
				DF22D87A1E8AFE4100D9E823 /* Release */,
			);
			defaultConfigurationIsVisible = 0;
		};
/* End XCConfigurationList section */
	};
	rootObject = DF22D85E1E8AFE4100D9E823 /* Project object */;
}
