// !$*UTF8*$!
{
	archiveVersion = 1;
	classes = {
	};
	objectVersion = 46;
	objects = {

/* Begin PBXBuildFile section */
		DF1F8BAA1E846FA400446C3E /* Constants.swift in Sources */ = {isa = PBXBuildFile; fileRef = DF1F8BA91E846FA400446C3E /* Constants.swift */; };
		DF6AF9CE1E81CF4000A17A39 /* AppDelegate.swift in Sources */ = {isa = PBXBuildFile; fileRef = DF6AF9CD1E81CF4000A17A39 /* AppDelegate.swift */; };
		DF6AF9D01E81CF4000A17A39 /* ViewController.swift in Sources */ = {isa = PBXBuildFile; fileRef = DF6AF9CF1E81CF4000A17A39 /* ViewController.swift */; };
		DF6AF9D31E81CF4000A17A39 /* Main.storyboard in Resources */ = {isa = PBXBuildFile; fileRef = DF6AF9D11E81CF4000A17A39 /* Main.storyboard */; };
		DF6AF9D51E81CF4000A17A39 /* Assets.xcassets in Resources */ = {isa = PBXBuildFile; fileRef = DF6AF9D41E81CF4000A17A39 /* Assets.xcassets */; };
		DF6AF9D81E81CF4000A17A39 /* LaunchScreen.storyboard in Resources */ = {isa = PBXBuildFile; fileRef = DF6AF9D61E81CF4000A17A39 /* LaunchScreen.storyboard */; };
		DF6AF9E01E81D09600A17A39 /* AZSClient.framework in Frameworks */ = {isa = PBXBuildFile; fileRef = DF6AF9DF1E81D09600A17A39 /* AZSClient.framework */; };
		DF6AF9E31E81D0C700A17A39 /* libxml2.2.tbd in Frameworks */ = {isa = PBXBuildFile; fileRef = DF6AF9E21E81D0C700A17A39 /* libxml2.2.tbd */; };
		DFD84D261E830E4D00371417 /* ContainerBrowser.swift in Sources */ = {isa = PBXBuildFile; fileRef = DFD84D251E830E4D00371417 /* ContainerBrowser.swift */; };
		DFD84D281E83353700371417 /* MicrosoftAzureMobile.framework in Frameworks */ = {isa = PBXBuildFile; fileRef = DFD84D271E83353700371417 /* MicrosoftAzureMobile.framework */; };
		DFD84D2A1E83360900371417 /* WebKit.framework in Frameworks */ = {isa = PBXBuildFile; fileRef = DFD84D291E83360900371417 /* WebKit.framework */; };
		DFD84D2C1E83369F00371417 /* Security.framework in Frameworks */ = {isa = PBXBuildFile; fileRef = DFD84D2B1E83369F00371417 /* Security.framework */; };
		DFD84D2E1E8336A700371417 /* SafariServices.framework in Frameworks */ = {isa = PBXBuildFile; fileRef = DFD84D2D1E8336A700371417 /* SafariServices.framework */; };
/* End PBXBuildFile section */

/* Begin PBXFileReference section */
		DF1F8BA91E846FA400446C3E /* Constants.swift */ = {isa = PBXFileReference; fileEncoding = 4; lastKnownFileType = sourcecode.swift; path = Constants.swift; sourceTree = "<group>"; };
		DF6AF9CA1E81CF4000A17A39 /* Boot4Practica.app */ = {isa = PBXFileReference; explicitFileType = wrapper.application; includeInIndex = 0; path = Boot4Practica.app; sourceTree = BUILT_PRODUCTS_DIR; };
		DF6AF9CD1E81CF4000A17A39 /* AppDelegate.swift */ = {isa = PBXFileReference; lastKnownFileType = sourcecode.swift; path = AppDelegate.swift; sourceTree = "<group>"; };
		DF6AF9CF1E81CF4000A17A39 /* ViewController.swift */ = {isa = PBXFileReference; lastKnownFileType = sourcecode.swift; path = ViewController.swift; sourceTree = "<group>"; };
		DF6AF9D21E81CF4000A17A39 /* Base */ = {isa = PBXFileReference; lastKnownFileType = file.storyboard; name = Base; path = Base.lproj/Main.storyboard; sourceTree = "<group>"; };
		DF6AF9D41E81CF4000A17A39 /* Assets.xcassets */ = {isa = PBXFileReference; lastKnownFileType = folder.assetcatalog; path = Assets.xcassets; sourceTree = "<group>"; };
		DF6AF9D71E81CF4000A17A39 /* Base */ = {isa = PBXFileReference; lastKnownFileType = file.storyboard; name = Base; path = Base.lproj/LaunchScreen.storyboard; sourceTree = "<group>"; };
		DF6AF9D91E81CF4000A17A39 /* Info.plist */ = {isa = PBXFileReference; lastKnownFileType = text.plist.xml; path = Info.plist; sourceTree = "<group>"; };
		DF6AF9DF1E81D09600A17A39 /* AZSClient.framework */ = {isa = PBXFileReference; lastKnownFileType = wrapper.framework; path = AZSClient.framework; sourceTree = "<group>"; };
		DF6AF9E21E81D0C700A17A39 /* libxml2.2.tbd */ = {isa = PBXFileReference; lastKnownFileType = "sourcecode.text-based-dylib-definition"; name = libxml2.2.tbd; path = usr/lib/libxml2.2.tbd; sourceTree = SDKROOT; };
		DF6AF9E41E81D1CC00A17A39 /* Boot4Practica-Bridging-Header.h */ = {isa = PBXFileReference; lastKnownFileType = sourcecode.c.h; path = "Boot4Practica-Bridging-Header.h"; sourceTree = "<group>"; };
		DFD84D251E830E4D00371417 /* ContainerBrowser.swift */ = {isa = PBXFileReference; fileEncoding = 4; lastKnownFileType = sourcecode.swift; path = ContainerBrowser.swift; sourceTree = "<group>"; };
		DFD84D271E83353700371417 /* MicrosoftAzureMobile.framework */ = {isa = PBXFileReference; lastKnownFileType = wrapper.framework; path = MicrosoftAzureMobile.framework; sourceTree = "<group>"; };
		DFD84D291E83360900371417 /* WebKit.framework */ = {isa = PBXFileReference; lastKnownFileType = wrapper.framework; name = WebKit.framework; path = System/Library/Frameworks/WebKit.framework; sourceTree = SDKROOT; };
		DFD84D2B1E83369F00371417 /* Security.framework */ = {isa = PBXFileReference; lastKnownFileType = wrapper.framework; name = Security.framework; path = System/Library/Frameworks/Security.framework; sourceTree = SDKROOT; };
		DFD84D2D1E8336A700371417 /* SafariServices.framework */ = {isa = PBXFileReference; lastKnownFileType = wrapper.framework; name = SafariServices.framework; path = System/Library/Frameworks/SafariServices.framework; sourceTree = SDKROOT; };
/* End PBXFileReference section */

/* Begin PBXFrameworksBuildPhase section */
		DF6AF9C71E81CF4000A17A39 /* Frameworks */ = {
			isa = PBXFrameworksBuildPhase;
			buildActionMask = 2147483647;
			files = (
				DF6AF9E31E81D0C700A17A39 /* libxml2.2.tbd in Frameworks */,
				DFD84D2E1E8336A700371417 /* SafariServices.framework in Frameworks */,
				DFD84D2C1E83369F00371417 /* Security.framework in Frameworks */,
				DFD84D2A1E83360900371417 /* WebKit.framework in Frameworks */,
				DFD84D281E83353700371417 /* MicrosoftAzureMobile.framework in Frameworks */,
				DF6AF9E01E81D09600A17A39 /* AZSClient.framework in Frameworks */,
			);
			runOnlyForDeploymentPostprocessing = 0;
		};
/* End PBXFrameworksBuildPhase section */

/* Begin PBXGroup section */
		DF1F8BA81E846F9800446C3E /* Utils */ = {
			isa = PBXGroup;
			children = (
				DF1F8BA91E846FA400446C3E /* Constants.swift */,
			);
			name = Utils;
			sourceTree = "<group>";
		};
		DF6AF9C11E81CF4000A17A39 = {
			isa = PBXGroup;
			children = (
				DF6AF9E11E81D09C00A17A39 /* Frameworks */,
				DF6AF9CC1E81CF4000A17A39 /* Boot4Practica */,
				DF6AF9CB1E81CF4000A17A39 /* Products */,
			);
			sourceTree = "<group>";
		};
		DF6AF9CB1E81CF4000A17A39 /* Products */ = {
			isa = PBXGroup;
			children = (
				DF6AF9CA1E81CF4000A17A39 /* Boot4Practica.app */,
			);
			name = Products;
			sourceTree = "<group>";
		};
		DF6AF9CC1E81CF4000A17A39 /* Boot4Practica */ = {
			isa = PBXGroup;
			children = (
				DF6AF9CD1E81CF4000A17A39 /* AppDelegate.swift */,
				DF1F8BA81E846F9800446C3E /* Utils */,
				DFD84D241E830E1700371417 /* ViewControllers */,
				DF6AF9D11E81CF4000A17A39 /* Main.storyboard */,
				DF6AF9D41E81CF4000A17A39 /* Assets.xcassets */,
				DF6AF9D61E81CF4000A17A39 /* LaunchScreen.storyboard */,
				DF6AF9D91E81CF4000A17A39 /* Info.plist */,
				DF6AF9E41E81D1CC00A17A39 /* Boot4Practica-Bridging-Header.h */,
			);
			path = Boot4Practica;
			sourceTree = "<group>";
		};
		DF6AF9E11E81D09C00A17A39 /* Frameworks */ = {
			isa = PBXGroup;
			children = (
				DF6AF9E21E81D0C700A17A39 /* libxml2.2.tbd */,
				DFD84D2D1E8336A700371417 /* SafariServices.framework */,
				DFD84D2B1E83369F00371417 /* Security.framework */,
				DFD84D291E83360900371417 /* WebKit.framework */,
				DFD84D271E83353700371417 /* MicrosoftAzureMobile.framework */,
				DF6AF9DF1E81D09600A17A39 /* AZSClient.framework */,
			);
			name = Frameworks;
			sourceTree = "<group>";
		};
		DFD84D241E830E1700371417 /* ViewControllers */ = {
			isa = PBXGroup;
			children = (
				DF6AF9CF1E81CF4000A17A39 /* ViewController.swift */,
				DFD84D251E830E4D00371417 /* ContainerBrowser.swift */,
			);
			name = ViewControllers;
			sourceTree = "<group>";
		};
/* End PBXGroup section */

/* Begin PBXNativeTarget section */
		DF6AF9C91E81CF4000A17A39 /* Boot4Practica */ = {
			isa = PBXNativeTarget;
			buildConfigurationList = DF6AF9DC1E81CF4000A17A39 /* Build configuration list for PBXNativeTarget "Boot4Practica" */;
			buildPhases = (
				DF6AF9C61E81CF4000A17A39 /* Sources */,
				DF6AF9C71E81CF4000A17A39 /* Frameworks */,
				DF6AF9C81E81CF4000A17A39 /* Resources */,
			);
			buildRules = (
			);
			dependencies = (
			);
			name = Boot4Practica;
			productName = Boot4Practica;
			productReference = DF6AF9CA1E81CF4000A17A39 /* Boot4Practica.app */;
			productType = "com.apple.product-type.application";
		};
/* End PBXNativeTarget section */

/* Begin PBXProject section */
		DF6AF9C21E81CF4000A17A39 /* Project object */ = {
			isa = PBXProject;
			attributes = {
				LastSwiftUpdateCheck = 0820;
				LastUpgradeCheck = 0820;
				ORGANIZATIONNAME = "Jose Sanchez Rodriguez";
				TargetAttributes = {
					DF6AF9C91E81CF4000A17A39 = {
						CreatedOnToolsVersion = 8.2.1;
						LastSwiftMigration = 0820;
						ProvisioningStyle = Automatic;
					};
				};
			};
			buildConfigurationList = DF6AF9C51E81CF4000A17A39 /* Build configuration list for PBXProject "Boot4Practica" */;
			compatibilityVersion = "Xcode 3.2";
			developmentRegion = English;
			hasScannedForEncodings = 0;
			knownRegions = (
				en,
				Base,
			);
			mainGroup = DF6AF9C11E81CF4000A17A39;
			productRefGroup = DF6AF9CB1E81CF4000A17A39 /* Products */;
			projectDirPath = "";
			projectRoot = "";
			targets = (
				DF6AF9C91E81CF4000A17A39 /* Boot4Practica */,
			);
		};
/* End PBXProject section */

/* Begin PBXResourcesBuildPhase section */
		DF6AF9C81E81CF4000A17A39 /* Resources */ = {
			isa = PBXResourcesBuildPhase;
			buildActionMask = 2147483647;
			files = (
				DF6AF9D81E81CF4000A17A39 /* LaunchScreen.storyboard in Resources */,
				DF6AF9D51E81CF4000A17A39 /* Assets.xcassets in Resources */,
				DF6AF9D31E81CF4000A17A39 /* Main.storyboard in Resources */,
			);
			runOnlyForDeploymentPostprocessing = 0;
		};
/* End PBXResourcesBuildPhase section */

/* Begin PBXSourcesBuildPhase section */
		DF6AF9C61E81CF4000A17A39 /* Sources */ = {
			isa = PBXSourcesBuildPhase;
			buildActionMask = 2147483647;
			files = (
				DF6AF9D01E81CF4000A17A39 /* ViewController.swift in Sources */,
				DF6AF9CE1E81CF4000A17A39 /* AppDelegate.swift in Sources */,
				DFD84D261E830E4D00371417 /* ContainerBrowser.swift in Sources */,
				DF1F8BAA1E846FA400446C3E /* Constants.swift in Sources */,
			);
			runOnlyForDeploymentPostprocessing = 0;
		};
/* End PBXSourcesBuildPhase section */

/* Begin PBXVariantGroup section */
		DF6AF9D11E81CF4000A17A39 /* Main.storyboard */ = {
			isa = PBXVariantGroup;
			children = (
				DF6AF9D21E81CF4000A17A39 /* Base */,
			);
			name = Main.storyboard;
			sourceTree = "<group>";
		};
		DF6AF9D61E81CF4000A17A39 /* LaunchScreen.storyboard */ = {
			isa = PBXVariantGroup;
			children = (
				DF6AF9D71E81CF4000A17A39 /* Base */,
			);
			name = LaunchScreen.storyboard;
			sourceTree = "<group>";
		};
/* End PBXVariantGroup section */

/* Begin XCBuildConfiguration section */
		DF6AF9DA1E81CF4000A17A39 /* Debug */ = {
			isa = XCBuildConfiguration;
			buildSettings = {
				ALWAYS_SEARCH_USER_PATHS = NO;
				CLANG_ANALYZER_NONNULL = YES;
				CLANG_CXX_LANGUAGE_STANDARD = "gnu++0x";
				CLANG_CXX_LIBRARY = "libc++";
				CLANG_ENABLE_MODULES = YES;
				CLANG_ENABLE_OBJC_ARC = YES;
				CLANG_WARN_BOOL_CONVERSION = YES;
				CLANG_WARN_CONSTANT_CONVERSION = YES;
				CLANG_WARN_DIRECT_OBJC_ISA_USAGE = YES_ERROR;
				CLANG_WARN_DOCUMENTATION_COMMENTS = YES;
				CLANG_WARN_EMPTY_BODY = YES;
				CLANG_WARN_ENUM_CONVERSION = YES;
				CLANG_WARN_INFINITE_RECURSION = YES;
				CLANG_WARN_INT_CONVERSION = YES;
				CLANG_WARN_OBJC_ROOT_CLASS = YES_ERROR;
				CLANG_WARN_SUSPICIOUS_MOVE = YES;
				CLANG_WARN_UNREACHABLE_CODE = YES;
				CLANG_WARN__DUPLICATE_METHOD_MATCH = YES;
				"CODE_SIGN_IDENTITY[sdk=iphoneos*]" = "iPhone Developer";
				COPY_PHASE_STRIP = NO;
				DEBUG_INFORMATION_FORMAT = dwarf;
				ENABLE_STRICT_OBJC_MSGSEND = YES;
				ENABLE_TESTABILITY = YES;
				GCC_C_LANGUAGE_STANDARD = gnu99;
				GCC_DYNAMIC_NO_PIC = NO;
				GCC_NO_COMMON_BLOCKS = YES;
				GCC_OPTIMIZATION_LEVEL = 0;
				GCC_PREPROCESSOR_DEFINITIONS = (
					"DEBUG=1",
					"$(inherited)",
				);
				GCC_WARN_64_TO_32_BIT_CONVERSION = YES;
				GCC_WARN_ABOUT_RETURN_TYPE = YES_ERROR;
				GCC_WARN_UNDECLARED_SELECTOR = YES;
				GCC_WARN_UNINITIALIZED_AUTOS = YES_AGGRESSIVE;
				GCC_WARN_UNUSED_FUNCTION = YES;
				GCC_WARN_UNUSED_VARIABLE = YES;
				IPHONEOS_DEPLOYMENT_TARGET = 10.2;
				MTL_ENABLE_DEBUG_INFO = YES;
				ONLY_ACTIVE_ARCH = YES;
				SDKROOT = iphoneos;
				SWIFT_ACTIVE_COMPILATION_CONDITIONS = DEBUG;
				SWIFT_OPTIMIZATION_LEVEL = "-Onone";
				TARGETED_DEVICE_FAMILY = "1,2";
			};
			name = Debug;
		};
		DF6AF9DB1E81CF4000A17A39 /* Release */ = {
			isa = XCBuildConfiguration;
			buildSettings = {
				ALWAYS_SEARCH_USER_PATHS = NO;
				CLANG_ANALYZER_NONNULL = YES;
				CLANG_CXX_LANGUAGE_STANDARD = "gnu++0x";
				CLANG_CXX_LIBRARY = "libc++";
				CLANG_ENABLE_MODULES = YES;
				CLANG_ENABLE_OBJC_ARC = YES;
				CLANG_WARN_BOOL_CONVERSION = YES;
				CLANG_WARN_CONSTANT_CONVERSION = YES;
				CLANG_WARN_DIRECT_OBJC_ISA_USAGE = YES_ERROR;
				CLANG_WARN_DOCUMENTATION_COMMENTS = YES;
				CLANG_WARN_EMPTY_BODY = YES;
				CLANG_WARN_ENUM_CONVERSION = YES;
				CLANG_WARN_INFINITE_RECURSION = YES;
				CLANG_WARN_INT_CONVERSION = YES;
				CLANG_WARN_OBJC_ROOT_CLASS = YES_ERROR;
				CLANG_WARN_SUSPICIOUS_MOVE = YES;
				CLANG_WARN_UNREACHABLE_CODE = YES;
				CLANG_WARN__DUPLICATE_METHOD_MATCH = YES;
				"CODE_SIGN_IDENTITY[sdk=iphoneos*]" = "iPhone Developer";
				COPY_PHASE_STRIP = NO;
				DEBUG_INFORMATION_FORMAT = "dwarf-with-dsym";
				ENABLE_NS_ASSERTIONS = NO;
				ENABLE_STRICT_OBJC_MSGSEND = YES;
				GCC_C_LANGUAGE_STANDARD = gnu99;
				GCC_NO_COMMON_BLOCKS = YES;
				GCC_WARN_64_TO_32_BIT_CONVERSION = YES;
				GCC_WARN_ABOUT_RETURN_TYPE = YES_ERROR;
				GCC_WARN_UNDECLARED_SELECTOR = YES;
				GCC_WARN_UNINITIALIZED_AUTOS = YES_AGGRESSIVE;
				GCC_WARN_UNUSED_FUNCTION = YES;
				GCC_WARN_UNUSED_VARIABLE = YES;
				IPHONEOS_DEPLOYMENT_TARGET = 10.2;
				MTL_ENABLE_DEBUG_INFO = NO;
				SDKROOT = iphoneos;
				SWIFT_OPTIMIZATION_LEVEL = "-Owholemodule";
				TARGETED_DEVICE_FAMILY = "1,2";
				VALIDATE_PRODUCT = YES;
			};
			name = Release;
		};
		DF6AF9DD1E81CF4000A17A39 /* Debug */ = {
			isa = XCBuildConfiguration;
			buildSettings = {
				ASSETCATALOG_COMPILER_APPICON_NAME = AppIcon;
				CLANG_ENABLE_MODULES = YES;
				FRAMEWORK_SEARCH_PATHS = (
					"$(inherited)",
					"$(PROJECT_DIR)",
				);
				INFOPLIST_FILE = Boot4Practica/Info.plist;
				LD_RUNPATH_SEARCH_PATHS = "$(inherited) @executable_path/Frameworks";
				PRODUCT_BUNDLE_IDENTIFIER = JoseJacin.Boot4Practica;
				PRODUCT_NAME = "$(TARGET_NAME)";
				SWIFT_OBJC_BRIDGING_HEADER = "Boot4Practica/Boot4Practica-Bridging-Header.h";
				SWIFT_OPTIMIZATION_LEVEL = "-Onone";
				SWIFT_VERSION = 3.0;
			};
			name = Debug;
		};
		DF6AF9DE1E81CF4000A17A39 /* Release */ = {
			isa = XCBuildConfiguration;
			buildSettings = {
				ASSETCATALOG_COMPILER_APPICON_NAME = AppIcon;
				CLANG_ENABLE_MODULES = YES;
				FRAMEWORK_SEARCH_PATHS = (
					"$(inherited)",
					"$(PROJECT_DIR)",
				);
				INFOPLIST_FILE = Boot4Practica/Info.plist;
				LD_RUNPATH_SEARCH_PATHS = "$(inherited) @executable_path/Frameworks";
				PRODUCT_BUNDLE_IDENTIFIER = JoseJacin.Boot4Practica;
				PRODUCT_NAME = "$(TARGET_NAME)";
				SWIFT_OBJC_BRIDGING_HEADER = "Boot4Practica/Boot4Practica-Bridging-Header.h";
				SWIFT_VERSION = 3.0;
			};
			name = Release;
		};
/* End XCBuildConfiguration section */

/* Begin XCConfigurationList section */
		DF6AF9C51E81CF4000A17A39 /* Build configuration list for PBXProject "Boot4Practica" */ = {
			isa = XCConfigurationList;
			buildConfigurations = (
				DF6AF9DA1E81CF4000A17A39 /* Debug */,
				DF6AF9DB1E81CF4000A17A39 /* Release */,
			);
			defaultConfigurationIsVisible = 0;
			defaultConfigurationName = Release;
		};
		DF6AF9DC1E81CF4000A17A39 /* Build configuration list for PBXNativeTarget "Boot4Practica" */ = {
			isa = XCConfigurationList;
			buildConfigurations = (
				DF6AF9DD1E81CF4000A17A39 /* Debug */,
				DF6AF9DE1E81CF4000A17A39 /* Release */,
			);
			defaultConfigurationIsVisible = 0;
			defaultConfigurationName = Release;
		};
/* End XCConfigurationList section */
	};
	rootObject = DF6AF9C21E81CF4000A17A39 /* Project object */;
}
